
Microsoft Visual Studio Solution File, Format Version 12.00
# Visual Studio Version 17
VisualStudioVersion = 17.4.33213.308
MinimumVisualStudioVersion = 10.0.40219.1
Project("{FAE04EC0-301F-11D3-BF4B-00C04F79EFBC}") = "WebApplication1", "WebApplication1\WebApplication1.csproj", "{42135B0F-C215-46D1-90D4-64217DD721C6}"
EndProject
Global
	GlobalSection(SolutionConfigurationPlatforms) = preSolution
		Debug|Any CPU = Debug|Any CPU
		Release|Any CPU = Release|Any CPU
	EndGlobalSection
	GlobalSection(ProjectConfigurationPlatforms) = postSolution
		{42135B0F-C215-46D1-90D4-64217DD721C6}.Debug|Any CPU.ActiveCfg = Debug|Any CPU
		{42135B0F-C215-46D1-90D4-64217DD721C6}.Debug|Any CPU.Build.0 = Debug|Any CPU
		{42135B0F-C215-46D1-90D4-64217DD721C6}.Release|Any CPU.ActiveCfg = Release|Any CPU
		{42135B0F-C215-46D1-90D4-64217DD721C6}.Release|Any CPU.Build.0 = Release|Any CPU
	EndGlobalSection
	GlobalSection(SolutionProperties) = preSolution
		HideSolutionNode = FALSE
	EndGlobalSection
	GlobalSection(ExtensibilityGlobals) = postSolution
		SolutionGuid = {E7502388-7E82-4096-B736-A9F33881BCE1}
	EndGlobalSection
EndGlobal
